// !$*UTF8*$!
{
	archiveVersion = 1;
	classes = {
	};
	objectVersion = 55;
	objects = {

/* Begin PBXBuildFile section */
		3B4BE7BD2743FC100045EB5A /* AppDelegate.swift in Sources */ = {isa = PBXBuildFile; fileRef = 3B4BE7BC2743FC100045EB5A /* AppDelegate.swift */; };
		3B4BE7BF2743FC100045EB5A /* SceneDelegate.swift in Sources */ = {isa = PBXBuildFile; fileRef = 3B4BE7BE2743FC100045EB5A /* SceneDelegate.swift */; };
		3B4BE7C72743FC100045EB5A /* ios_quizs_App.xcdatamodeld in Sources */ = {isa = PBXBuildFile; fileRef = 3B4BE7C52743FC100045EB5A /* ios_quizs_App.xcdatamodeld */; };
		3B4BE7C92743FC140045EB5A /* Assets.xcassets in Resources */ = {isa = PBXBuildFile; fileRef = 3B4BE7C82743FC140045EB5A /* Assets.xcassets */; };
		3B4BE7CC2743FC140045EB5A /* LaunchScreen.storyboard in Resources */ = {isa = PBXBuildFile; fileRef = 3B4BE7CA2743FC140045EB5A /* LaunchScreen.storyboard */; };
		3B4BE7DF2743FF5B0045EB5A /* QuizTestsUITabBarController.swift in Sources */ = {isa = PBXBuildFile; fileRef = 3B4BE7DE2743FF5B0045EB5A /* QuizTestsUITabBarController.swift */; };
		3B4BE7E12743FF8D0045EB5A /* QuizTestsUITabBarController.storyboard in Resources */ = {isa = PBXBuildFile; fileRef = 3B4BE7E02743FF8D0045EB5A /* QuizTestsUITabBarController.storyboard */; };
		3B4BE7E5274402420045EB5A /* StartQuizViewController.swift in Sources */ = {isa = PBXBuildFile; fileRef = 3B4BE7E4274402420045EB5A /* StartQuizViewController.swift */; };
		3B4BE7E7274402540045EB5A /* StartQuizUINavigationController.storyboard in Resources */ = {isa = PBXBuildFile; fileRef = 3B4BE7E6274402540045EB5A /* StartQuizUINavigationController.storyboard */; };
		3B4BE7E927441ACA0045EB5A /* Task.swift in Sources */ = {isa = PBXBuildFile; fileRef = 3B4BE7E827441ACA0045EB5A /* Task.swift */; };
		3B4BE7EC27441DF20045EB5A /* StartQuizUINavigationController.swift in Sources */ = {isa = PBXBuildFile; fileRef = 3B4BE7EB27441DF20045EB5A /* StartQuizUINavigationController.swift */; };
		3B4BE7EE27441EF40045EB5A /* QuizResultsUINavigationController.swift in Sources */ = {isa = PBXBuildFile; fileRef = 3B4BE7ED27441EF40045EB5A /* QuizResultsUINavigationController.swift */; };
		3B4BE7F027441F020045EB5A /* QuizResultsUINavigationController.storyboard in Resources */ = {isa = PBXBuildFile; fileRef = 3B4BE7EF27441F020045EB5A /* QuizResultsUINavigationController.storyboard */; };
		3B4BE7F2274422A20045EB5A /* QuizResultsViewController.swift in Sources */ = {isa = PBXBuildFile; fileRef = 3B4BE7F1274422A20045EB5A /* QuizResultsViewController.swift */; };
		3B4BE7F5274425C30045EB5A /* QuizSceneViewController.swift in Sources */ = {isa = PBXBuildFile; fileRef = 3B4BE7F4274425C30045EB5A /* QuizSceneViewController.swift */; };
		3B4BE7F7274425D20045EB5A /* QuizSceneViewController.storyboard in Resources */ = {isa = PBXBuildFile; fileRef = 3B4BE7F6274425D20045EB5A /* QuizSceneViewController.storyboard */; };
		3B4BE7FB27442A170045EB5A /* TaskTableViewCell.swift in Sources */ = {isa = PBXBuildFile; fileRef = 3B4BE7F927442A170045EB5A /* TaskTableViewCell.swift */; };
		3B4BE7FC27442A170045EB5A /* TaskTableViewCell.xib in Resources */ = {isa = PBXBuildFile; fileRef = 3B4BE7FA27442A170045EB5A /* TaskTableViewCell.xib */; };
		3B4BE7FE27442AC50045EB5A /* UITableView+Extension.swift in Sources */ = {isa = PBXBuildFile; fileRef = 3B4BE7FD27442AC50045EB5A /* UITableView+Extension.swift */; };
		3B4BE80027442AED0045EB5A /* UITableViewCell+Extension.swift in Sources */ = {isa = PBXBuildFile; fileRef = 3B4BE7FF27442AED0045EB5A /* UITableViewCell+Extension.swift */; };
/* End PBXBuildFile section */

/* Begin PBXFileReference section */
		3B4BE7B92743FC100045EB5A /* ios_quizs_App.app */ = {isa = PBXFileReference; explicitFileType = wrapper.application; includeInIndex = 0; path = ios_quizs_App.app; sourceTree = BUILT_PRODUCTS_DIR; };
		3B4BE7BC2743FC100045EB5A /* AppDelegate.swift */ = {isa = PBXFileReference; lastKnownFileType = sourcecode.swift; path = AppDelegate.swift; sourceTree = "<group>"; };
		3B4BE7BE2743FC100045EB5A /* SceneDelegate.swift */ = {isa = PBXFileReference; lastKnownFileType = sourcecode.swift; path = SceneDelegate.swift; sourceTree = "<group>"; };
		3B4BE7C62743FC100045EB5A /* ios_quizs_App.xcdatamodel */ = {isa = PBXFileReference; lastKnownFileType = wrapper.xcdatamodel; path = ios_quizs_App.xcdatamodel; sourceTree = "<group>"; };
		3B4BE7C82743FC140045EB5A /* Assets.xcassets */ = {isa = PBXFileReference; lastKnownFileType = folder.assetcatalog; path = Assets.xcassets; sourceTree = "<group>"; };
		3B4BE7CB2743FC140045EB5A /* Base */ = {isa = PBXFileReference; lastKnownFileType = file.storyboard; name = Base; path = Base.lproj/LaunchScreen.storyboard; sourceTree = "<group>"; };
		3B4BE7CD2743FC140045EB5A /* Info.plist */ = {isa = PBXFileReference; lastKnownFileType = text.plist.xml; path = Info.plist; sourceTree = "<group>"; };
		3B4BE7DE2743FF5B0045EB5A /* QuizTestsUITabBarController.swift */ = {isa = PBXFileReference; lastKnownFileType = sourcecode.swift; path = QuizTestsUITabBarController.swift; sourceTree = "<group>"; };
		3B4BE7E02743FF8D0045EB5A /* QuizTestsUITabBarController.storyboard */ = {isa = PBXFileReference; lastKnownFileType = file.storyboard; path = QuizTestsUITabBarController.storyboard; sourceTree = "<group>"; };
		3B4BE7E4274402420045EB5A /* StartQuizViewController.swift */ = {isa = PBXFileReference; lastKnownFileType = sourcecode.swift; path = StartQuizViewController.swift; sourceTree = "<group>"; };
		3B4BE7E6274402540045EB5A /* StartQuizUINavigationController.storyboard */ = {isa = PBXFileReference; lastKnownFileType = file.storyboard; path = StartQuizUINavigationController.storyboard; sourceTree = "<group>"; };
		3B4BE7E827441ACA0045EB5A /* Task.swift */ = {isa = PBXFileReference; lastKnownFileType = sourcecode.swift; path = Task.swift; sourceTree = "<group>"; };
		3B4BE7EB27441DF20045EB5A /* StartQuizUINavigationController.swift */ = {isa = PBXFileReference; lastKnownFileType = sourcecode.swift; path = StartQuizUINavigationController.swift; sourceTree = "<group>"; };
		3B4BE7ED27441EF40045EB5A /* QuizResultsUINavigationController.swift */ = {isa = PBXFileReference; lastKnownFileType = sourcecode.swift; path = QuizResultsUINavigationController.swift; sourceTree = "<group>"; };
		3B4BE7EF27441F020045EB5A /* QuizResultsUINavigationController.storyboard */ = {isa = PBXFileReference; lastKnownFileType = file.storyboard; path = QuizResultsUINavigationController.storyboard; sourceTree = "<group>"; };
		3B4BE7F1274422A20045EB5A /* QuizResultsViewController.swift */ = {isa = PBXFileReference; lastKnownFileType = sourcecode.swift; path = QuizResultsViewController.swift; sourceTree = "<group>"; };
		3B4BE7F4274425C30045EB5A /* QuizSceneViewController.swift */ = {isa = PBXFileReference; lastKnownFileType = sourcecode.swift; path = QuizSceneViewController.swift; sourceTree = "<group>"; };
		3B4BE7F6274425D20045EB5A /* QuizSceneViewController.storyboard */ = {isa = PBXFileReference; lastKnownFileType = file.storyboard; path = QuizSceneViewController.storyboard; sourceTree = "<group>"; };
		3B4BE7F927442A170045EB5A /* TaskTableViewCell.swift */ = {isa = PBXFileReference; lastKnownFileType = sourcecode.swift; path = TaskTableViewCell.swift; sourceTree = "<group>"; };
		3B4BE7FA27442A170045EB5A /* TaskTableViewCell.xib */ = {isa = PBXFileReference; lastKnownFileType = file.xib; path = TaskTableViewCell.xib; sourceTree = "<group>"; };
		3B4BE7FD27442AC50045EB5A /* UITableView+Extension.swift */ = {isa = PBXFileReference; lastKnownFileType = sourcecode.swift; path = "UITableView+Extension.swift"; sourceTree = "<group>"; };
		3B4BE7FF27442AED0045EB5A /* UITableViewCell+Extension.swift */ = {isa = PBXFileReference; lastKnownFileType = sourcecode.swift; path = "UITableViewCell+Extension.swift"; sourceTree = "<group>"; };
/* End PBXFileReference section */

/* Begin PBXFrameworksBuildPhase section */
		3B4BE7B62743FC0F0045EB5A /* Frameworks */ = {
			isa = PBXFrameworksBuildPhase;
			buildActionMask = 2147483647;
			files = (
			);
			runOnlyForDeploymentPostprocessing = 0;
		};
/* End PBXFrameworksBuildPhase section */

/* Begin PBXGroup section */
		3B4BE7B02743FC0F0045EB5A = {
			isa = PBXGroup;
			children = (
				3B4BE7BB2743FC100045EB5A /* ios_quizs_App */,
				3B4BE7BA2743FC100045EB5A /* Products */,
			);
			sourceTree = "<group>";
		};
		3B4BE7BA2743FC100045EB5A /* Products */ = {
			isa = PBXGroup;
			children = (
				3B4BE7B92743FC100045EB5A /* ios_quizs_App.app */,
			);
			name = Products;
			sourceTree = "<group>";
		};
		3B4BE7BB2743FC100045EB5A /* ios_quizs_App */ = {
			isa = PBXGroup;
			children = (
				3B4BE7D72743FC820045EB5A /* App */,
				3B4BE7D62743FC760045EB5A /* Infrastructure */,
				3B4BE7D52743FC640045EB5A /* Presentation */,
				3B4BE7D42743FC580045EB5A /* Resources */,
				3B4BE7D32743FC4B0045EB5A /* Supporting Files */,
			);
			path = ios_quizs_App;
			sourceTree = "<group>";
		};
		3B4BE7D32743FC4B0045EB5A /* Supporting Files */ = {
			isa = PBXGroup;
			children = (
				3B4BE7CA2743FC140045EB5A /* LaunchScreen.storyboard */,
				3B4BE7CD2743FC140045EB5A /* Info.plist */,
			);
			path = "Supporting Files";
			sourceTree = "<group>";
		};
		3B4BE7D42743FC580045EB5A /* Resources */ = {
			isa = PBXGroup;
			children = (
				3B4BE7C82743FC140045EB5A /* Assets.xcassets */,
			);
			path = Resources;
			sourceTree = "<group>";
		};
		3B4BE7D52743FC640045EB5A /* Presentation */ = {
			isa = PBXGroup;
			children = (
				3B4BE7D82743FCC30045EB5A /* Scenes */,
			);
			path = Presentation;
			sourceTree = "<group>";
		};
		3B4BE7D62743FC760045EB5A /* Infrastructure */ = {
			isa = PBXGroup;
			children = (
				3B4BE7DB2743FD050045EB5A /* Extensions */,
				3B4BE7DA2743FCF90045EB5A /* Managers */,
				3B4BE7D92743FCE20045EB5A /* Models */,
			);
			path = Infrastructure;
			sourceTree = "<group>";
		};
		3B4BE7D72743FC820045EB5A /* App */ = {
			isa = PBXGroup;
			children = (
				3B4BE7BC2743FC100045EB5A /* AppDelegate.swift */,
				3B4BE7BE2743FC100045EB5A /* SceneDelegate.swift */,
			);
			path = App;
			sourceTree = "<group>";
		};
		3B4BE7D82743FCC30045EB5A /* Scenes */ = {
			isa = PBXGroup;
			children = (
				3B4BE7F3274425720045EB5A /* Quiz Scene */,
				3B4BE7DD2743FE090045EB5A /* Quiz Tests Tab Bar */,
			);
			path = Scenes;
			sourceTree = "<group>";
		};
		3B4BE7D92743FCE20045EB5A /* Models */ = {
			isa = PBXGroup;
			children = (
				3B4BE7E827441ACA0045EB5A /* Task.swift */,
			);
			path = Models;
			sourceTree = "<group>";
		};
		3B4BE7DA2743FCF90045EB5A /* Managers */ = {
			isa = PBXGroup;
			children = (
				3B4BE7DC2743FD320045EB5A /* Local Database */,
			);
			path = Managers;
			sourceTree = "<group>";
		};
		3B4BE7DB2743FD050045EB5A /* Extensions */ = {
			isa = PBXGroup;
			children = (
				3B4BE7FD27442AC50045EB5A /* UITableView+Extension.swift */,
				3B4BE7FF27442AED0045EB5A /* UITableViewCell+Extension.swift */,
			);
			path = Extensions;
			sourceTree = "<group>";
		};
		3B4BE7DC2743FD320045EB5A /* Local Database */ = {
			isa = PBXGroup;
			children = (
				3B4BE7C52743FC100045EB5A /* ios_quizs_App.xcdatamodeld */,
			);
			path = "Local Database";
			sourceTree = "<group>";
		};
		3B4BE7DD2743FE090045EB5A /* Quiz Tests Tab Bar */ = {
			isa = PBXGroup;
			children = (
				3B4BE7E3274401D40045EB5A /* Quiz Start */,
				3B4BE7EA27441CED0045EB5A /* Quiz Results */,
				3B4BE7E2274401930045EB5A /* Tab Bar Controller */,
			);
			path = "Quiz Tests Tab Bar";
			sourceTree = "<group>";
		};
		3B4BE7E2274401930045EB5A /* Tab Bar Controller */ = {
			isa = PBXGroup;
			children = (
				3B4BE7E02743FF8D0045EB5A /* QuizTestsUITabBarController.storyboard */,
				3B4BE7DE2743FF5B0045EB5A /* QuizTestsUITabBarController.swift */,
			);
			path = "Tab Bar Controller";
			sourceTree = "<group>";
		};
		3B4BE7E3274401D40045EB5A /* Quiz Start */ = {
			isa = PBXGroup;
			children = (
				3B4BE7E4274402420045EB5A /* StartQuizViewController.swift */,
				3B4BE7EB27441DF20045EB5A /* StartQuizUINavigationController.swift */,
				3B4BE7E6274402540045EB5A /* StartQuizUINavigationController.storyboard */,
			);
			path = "Quiz Start";
			sourceTree = "<group>";
		};
		3B4BE7EA27441CED0045EB5A /* Quiz Results */ = {
			isa = PBXGroup;
			children = (
				3B4BE7F1274422A20045EB5A /* QuizResultsViewController.swift */,
				3B4BE7ED27441EF40045EB5A /* QuizResultsUINavigationController.swift */,
				3B4BE7EF27441F020045EB5A /* QuizResultsUINavigationController.storyboard */,
			);
			path = "Quiz Results";
			sourceTree = "<group>";
		};
		3B4BE7F3274425720045EB5A /* Quiz Scene */ = {
			isa = PBXGroup;
			children = (
				3B4BE7F8274429DE0045EB5A /* Task Cell */,
				3B4BE7F4274425C30045EB5A /* QuizSceneViewController.swift */,
				3B4BE7F6274425D20045EB5A /* QuizSceneViewController.storyboard */,
			);
			path = "Quiz Scene";
			sourceTree = "<group>";
		};
		3B4BE7F8274429DE0045EB5A /* Task Cell */ = {
			isa = PBXGroup;
			children = (
				3B4BE7F927442A170045EB5A /* TaskTableViewCell.swift */,
				3B4BE7FA27442A170045EB5A /* TaskTableViewCell.xib */,
			);
			path = "Task Cell";
			sourceTree = "<group>";
		};
/* End PBXGroup section */

/* Begin PBXNativeTarget section */
		3B4BE7B82743FC0F0045EB5A /* ios_quizs_App */ = {
			isa = PBXNativeTarget;
			buildConfigurationList = 3B4BE7D02743FC140045EB5A /* Build configuration list for PBXNativeTarget "ios_quizs_App" */;
			buildPhases = (
				3B4BE7B52743FC0F0045EB5A /* Sources */,
				3B4BE7B62743FC0F0045EB5A /* Frameworks */,
				3B4BE7B72743FC0F0045EB5A /* Resources */,
			);
			buildRules = (
			);
			dependencies = (
			);
			name = ios_quizs_App;
			productName = ios_quizs_App;
			productReference = 3B4BE7B92743FC100045EB5A /* ios_quizs_App.app */;
			productType = "com.apple.product-type.application";
		};
/* End PBXNativeTarget section */

/* Begin PBXProject section */
		3B4BE7B12743FC0F0045EB5A /* Project object */ = {
			isa = PBXProject;
			attributes = {
				BuildIndependentTargetsInParallel = 1;
				LastSwiftUpdateCheck = 1300;
				LastUpgradeCheck = 1300;
				TargetAttributes = {
					3B4BE7B82743FC0F0045EB5A = {
						CreatedOnToolsVersion = 13.0;
					};
				};
			};
			buildConfigurationList = 3B4BE7B42743FC0F0045EB5A /* Build configuration list for PBXProject "ios_quizs_App" */;
			compatibilityVersion = "Xcode 13.0";
			developmentRegion = en;
			hasScannedForEncodings = 0;
			knownRegions = (
				en,
				Base,
			);
			mainGroup = 3B4BE7B02743FC0F0045EB5A;
			productRefGroup = 3B4BE7BA2743FC100045EB5A /* Products */;
			projectDirPath = "";
			projectRoot = "";
			targets = (
				3B4BE7B82743FC0F0045EB5A /* ios_quizs_App */,
			);
		};
/* End PBXProject section */

/* Begin PBXResourcesBuildPhase section */
		3B4BE7B72743FC0F0045EB5A /* Resources */ = {
			isa = PBXResourcesBuildPhase;
			buildActionMask = 2147483647;
			files = (
				3B4BE7CC2743FC140045EB5A /* LaunchScreen.storyboard in Resources */,
				3B4BE7C92743FC140045EB5A /* Assets.xcassets in Resources */,
				3B4BE7E12743FF8D0045EB5A /* QuizTestsUITabBarController.storyboard in Resources */,
				3B4BE7F7274425D20045EB5A /* QuizSceneViewController.storyboard in Resources */,
				3B4BE7E7274402540045EB5A /* StartQuizUINavigationController.storyboard in Resources */,
				3B4BE7F027441F020045EB5A /* QuizResultsUINavigationController.storyboard in Resources */,
				3B4BE7FC27442A170045EB5A /* TaskTableViewCell.xib in Resources */,
			);
			runOnlyForDeploymentPostprocessing = 0;
		};
/* End PBXResourcesBuildPhase section */

/* Begin PBXSourcesBuildPhase section */
		3B4BE7B52743FC0F0045EB5A /* Sources */ = {
			isa = PBXSourcesBuildPhase;
			buildActionMask = 2147483647;
			files = (
				3B4BE7C72743FC100045EB5A /* ios_quizs_App.xcdatamodeld in Sources */,
				3B4BE7BD2743FC100045EB5A /* AppDelegate.swift in Sources */,
				3B4BE7FB27442A170045EB5A /* TaskTableViewCell.swift in Sources */,
				3B4BE80027442AED0045EB5A /* UITableViewCell+Extension.swift in Sources */,
				3B4BE7BF2743FC100045EB5A /* SceneDelegate.swift in Sources */,
				3B4BE7DF2743FF5B0045EB5A /* QuizTestsUITabBarController.swift in Sources */,
				3B4BE7F2274422A20045EB5A /* QuizResultsViewController.swift in Sources */,
				3B4BE7E927441ACA0045EB5A /* Task.swift in Sources */,
				3B4BE7F5274425C30045EB5A /* QuizSceneViewController.swift in Sources */,
				3B4BE7E5274402420045EB5A /* StartQuizViewController.swift in Sources */,
				3B4BE7EC27441DF20045EB5A /* StartQuizUINavigationController.swift in Sources */,
				3B4BE7EE27441EF40045EB5A /* QuizResultsUINavigationController.swift in Sources */,
				3B4BE7FE27442AC50045EB5A /* UITableView+Extension.swift in Sources */,
			);
			runOnlyForDeploymentPostprocessing = 0;
		};
/* End PBXSourcesBuildPhase section */

/* Begin PBXVariantGroup section */
		3B4BE7CA2743FC140045EB5A /* LaunchScreen.storyboard */ = {
			isa = PBXVariantGroup;
			children = (
				3B4BE7CB2743FC140045EB5A /* Base */,
			);
			name = LaunchScreen.storyboard;
			sourceTree = "<group>";
		};
/* End PBXVariantGroup section */

/* Begin XCBuildConfiguration section */
		3B4BE7CE2743FC140045EB5A /* Debug */ = {
			isa = XCBuildConfiguration;
			buildSettings = {
				ALWAYS_SEARCH_USER_PATHS = NO;
				CLANG_ANALYZER_NONNULL = YES;
				CLANG_ANALYZER_NUMBER_OBJECT_CONVERSION = YES_AGGRESSIVE;
				CLANG_CXX_LANGUAGE_STANDARD = "gnu++17";
				CLANG_CXX_LIBRARY = "libc++";
				CLANG_ENABLE_MODULES = YES;
				CLANG_ENABLE_OBJC_ARC = YES;
				CLANG_ENABLE_OBJC_WEAK = YES;
				CLANG_WARN_BLOCK_CAPTURE_AUTORELEASING = YES;
				CLANG_WARN_BOOL_CONVERSION = YES;
				CLANG_WARN_COMMA = YES;
				CLANG_WARN_CONSTANT_CONVERSION = YES;
				CLANG_WARN_DEPRECATED_OBJC_IMPLEMENTATIONS = YES;
				CLANG_WARN_DIRECT_OBJC_ISA_USAGE = YES_ERROR;
				CLANG_WARN_DOCUMENTATION_COMMENTS = YES;
				CLANG_WARN_EMPTY_BODY = YES;
				CLANG_WARN_ENUM_CONVERSION = YES;
				CLANG_WARN_INFINITE_RECURSION = YES;
				CLANG_WARN_INT_CONVERSION = YES;
				CLANG_WARN_NON_LITERAL_NULL_CONVERSION = YES;
				CLANG_WARN_OBJC_IMPLICIT_RETAIN_SELF = YES;
				CLANG_WARN_OBJC_LITERAL_CONVERSION = YES;
				CLANG_WARN_OBJC_ROOT_CLASS = YES_ERROR;
				CLANG_WARN_QUOTED_INCLUDE_IN_FRAMEWORK_HEADER = YES;
				CLANG_WARN_RANGE_LOOP_ANALYSIS = YES;
				CLANG_WARN_STRICT_PROTOTYPES = YES;
				CLANG_WARN_SUSPICIOUS_MOVE = YES;
				CLANG_WARN_UNGUARDED_AVAILABILITY = YES_AGGRESSIVE;
				CLANG_WARN_UNREACHABLE_CODE = YES;
				CLANG_WARN__DUPLICATE_METHOD_MATCH = YES;
				COPY_PHASE_STRIP = NO;
				DEBUG_INFORMATION_FORMAT = dwarf;
				ENABLE_STRICT_OBJC_MSGSEND = YES;
				ENABLE_TESTABILITY = YES;
				GCC_C_LANGUAGE_STANDARD = gnu11;
				GCC_DYNAMIC_NO_PIC = NO;
				GCC_NO_COMMON_BLOCKS = YES;
				GCC_OPTIMIZATION_LEVEL = 0;
				GCC_PREPROCESSOR_DEFINITIONS = (
					"DEBUG=1",
					"$(inherited)",
				);
				GCC_WARN_64_TO_32_BIT_CONVERSION = YES;
				GCC_WARN_ABOUT_RETURN_TYPE = YES_ERROR;
				GCC_WARN_UNDECLARED_SELECTOR = YES;
				GCC_WARN_UNINITIALIZED_AUTOS = YES_AGGRESSIVE;
				GCC_WARN_UNUSED_FUNCTION = YES;
				GCC_WARN_UNUSED_VARIABLE = YES;
				IPHONEOS_DEPLOYMENT_TARGET = 15.0;
				MTL_ENABLE_DEBUG_INFO = INCLUDE_SOURCE;
				MTL_FAST_MATH = YES;
				ONLY_ACTIVE_ARCH = YES;
				SDKROOT = iphoneos;
				SWIFT_ACTIVE_COMPILATION_CONDITIONS = DEBUG;
				SWIFT_OPTIMIZATION_LEVEL = "-Onone";
			};
			name = Debug;
		};
		3B4BE7CF2743FC140045EB5A /* Release */ = {
			isa = XCBuildConfiguration;
			buildSettings = {
				ALWAYS_SEARCH_USER_PATHS = NO;
				CLANG_ANALYZER_NONNULL = YES;
				CLANG_ANALYZER_NUMBER_OBJECT_CONVERSION = YES_AGGRESSIVE;
				CLANG_CXX_LANGUAGE_STANDARD = "gnu++17";
				CLANG_CXX_LIBRARY = "libc++";
				CLANG_ENABLE_MODULES = YES;
				CLANG_ENABLE_OBJC_ARC = YES;
				CLANG_ENABLE_OBJC_WEAK = YES;
				CLANG_WARN_BLOCK_CAPTURE_AUTORELEASING = YES;
				CLANG_WARN_BOOL_CONVERSION = YES;
				CLANG_WARN_COMMA = YES;
				CLANG_WARN_CONSTANT_CONVERSION = YES;
				CLANG_WARN_DEPRECATED_OBJC_IMPLEMENTATIONS = YES;
				CLANG_WARN_DIRECT_OBJC_ISA_USAGE = YES_ERROR;
				CLANG_WARN_DOCUMENTATION_COMMENTS = YES;
				CLANG_WARN_EMPTY_BODY = YES;
				CLANG_WARN_ENUM_CONVERSION = YES;
				CLANG_WARN_INFINITE_RECURSION = YES;
				CLANG_WARN_INT_CONVERSION = YES;
				CLANG_WARN_NON_LITERAL_NULL_CONVERSION = YES;
				CLANG_WARN_OBJC_IMPLICIT_RETAIN_SELF = YES;
				CLANG_WARN_OBJC_LITERAL_CONVERSION = YES;
				CLANG_WARN_OBJC_ROOT_CLASS = YES_ERROR;
				CLANG_WARN_QUOTED_INCLUDE_IN_FRAMEWORK_HEADER = YES;
				CLANG_WARN_RANGE_LOOP_ANALYSIS = YES;
				CLANG_WARN_STRICT_PROTOTYPES = YES;
				CLANG_WARN_SUSPICIOUS_MOVE = YES;
				CLANG_WARN_UNGUARDED_AVAILABILITY = YES_AGGRESSIVE;
				CLANG_WARN_UNREACHABLE_CODE = YES;
				CLANG_WARN__DUPLICATE_METHOD_MATCH = YES;
				COPY_PHASE_STRIP = NO;
				DEBUG_INFORMATION_FORMAT = "dwarf-with-dsym";
				ENABLE_NS_ASSERTIONS = NO;
				ENABLE_STRICT_OBJC_MSGSEND = YES;
				GCC_C_LANGUAGE_STANDARD = gnu11;
				GCC_NO_COMMON_BLOCKS = YES;
				GCC_WARN_64_TO_32_BIT_CONVERSION = YES;
				GCC_WARN_ABOUT_RETURN_TYPE = YES_ERROR;
				GCC_WARN_UNDECLARED_SELECTOR = YES;
				GCC_WARN_UNINITIALIZED_AUTOS = YES_AGGRESSIVE;
				GCC_WARN_UNUSED_FUNCTION = YES;
				GCC_WARN_UNUSED_VARIABLE = YES;
				IPHONEOS_DEPLOYMENT_TARGET = 15.0;
				MTL_ENABLE_DEBUG_INFO = NO;
				MTL_FAST_MATH = YES;
				ONLY_ACTIVE_ARCH = YES;
				SDKROOT = iphoneos;
				SWIFT_COMPILATION_MODE = wholemodule;
				SWIFT_OPTIMIZATION_LEVEL = "-O";
				VALIDATE_PRODUCT = YES;
			};
			name = Release;
		};
		3B4BE7D12743FC140045EB5A /* Debug */ = {
			isa = XCBuildConfiguration;
			buildSettings = {
				ASSETCATALOG_COMPILER_APPICON_NAME = AppIcon;
				ASSETCATALOG_COMPILER_GLOBAL_ACCENT_COLOR_NAME = AccentColor;
				CODE_SIGN_STYLE = Automatic;
				CURRENT_PROJECT_VERSION = 1;
				GENERATE_INFOPLIST_FILE = YES;
				INFOPLIST_FILE = "ios_quizs_App/Supporting Files/Info.plist";
				INFOPLIST_KEY_UIApplicationSupportsIndirectInputEvents = YES;
				INFOPLIST_KEY_UILaunchStoryboardName = LaunchScreen;
				INFOPLIST_KEY_UISupportedInterfaceOrientations_iPad = "UIInterfaceOrientationPortrait UIInterfaceOrientationPortraitUpsideDown UIInterfaceOrientationLandscapeLeft UIInterfaceOrientationLandscapeRight";
				INFOPLIST_KEY_UISupportedInterfaceOrientations_iPhone = "UIInterfaceOrientationPortrait UIInterfaceOrientationLandscapeLeft UIInterfaceOrientationLandscapeRight";
				LD_RUNPATH_SEARCH_PATHS = (
					"$(inherited)",
					"@executable_path/Frameworks",
				);
				MARKETING_VERSION = 1.0;
				PRODUCT_BUNDLE_IDENTIFIER = "ika.ikakooo.pro.ios-quizs-App";
				PRODUCT_NAME = "$(TARGET_NAME)";
				SWIFT_EMIT_LOC_STRINGS = YES;
				SWIFT_VERSION = 5.0;
				TARGETED_DEVICE_FAMILY = "1,2";
			};
			name = Debug;
		};
		3B4BE7D22743FC140045EB5A /* Release */ = {
			isa = XCBuildConfiguration;
			buildSettings = {
				ASSETCATALOG_COMPILER_APPICON_NAME = AppIcon;
				ASSETCATALOG_COMPILER_GLOBAL_ACCENT_COLOR_NAME = AccentColor;
				CODE_SIGN_STYLE = Automatic;
				CURRENT_PROJECT_VERSION = 1;
				GENERATE_INFOPLIST_FILE = YES;
				INFOPLIST_FILE = "ios_quizs_App/Supporting Files/Info.plist";
				INFOPLIST_KEY_UIApplicationSupportsIndirectInputEvents = YES;
				INFOPLIST_KEY_UILaunchStoryboardName = LaunchScreen;
				INFOPLIST_KEY_UISupportedInterfaceOrientations_iPad = "UIInterfaceOrientationPortrait UIInterfaceOrientationPortraitUpsideDown UIInterfaceOrientationLandscapeLeft UIInterfaceOrientationLandscapeRight";
				INFOPLIST_KEY_UISupportedInterfaceOrientations_iPhone = "UIInterfaceOrientationPortrait UIInterfaceOrientationLandscapeLeft UIInterfaceOrientationLandscapeRight";
				LD_RUNPATH_SEARCH_PATHS = (
					"$(inherited)",
					"@executable_path/Frameworks",
				);
				MARKETING_VERSION = 1.0;
				PRODUCT_BUNDLE_IDENTIFIER = "ika.ikakooo.pro.ios-quizs-App";
				PRODUCT_NAME = "$(TARGET_NAME)";
				SWIFT_EMIT_LOC_STRINGS = YES;
				SWIFT_VERSION = 5.0;
				TARGETED_DEVICE_FAMILY = "1,2";
			};
			name = Release;
		};
/* End XCBuildConfiguration section */

/* Begin XCConfigurationList section */
		3B4BE7B42743FC0F0045EB5A /* Build configuration list for PBXProject "ios_quizs_App" */ = {
			isa = XCConfigurationList;
			buildConfigurations = (
				3B4BE7CE2743FC140045EB5A /* Debug */,
				3B4BE7CF2743FC140045EB5A /* Release */,
			);
			defaultConfigurationIsVisible = 0;
			defaultConfigurationName = Release;
		};
		3B4BE7D02743FC140045EB5A /* Build configuration list for PBXNativeTarget "ios_quizs_App" */ = {
			isa = XCConfigurationList;
			buildConfigurations = (
				3B4BE7D12743FC140045EB5A /* Debug */,
				3B4BE7D22743FC140045EB5A /* Release */,
			);
			defaultConfigurationIsVisible = 0;
			defaultConfigurationName = Release;
		};
/* End XCConfigurationList section */

/* Begin XCVersionGroup section */
		3B4BE7C52743FC100045EB5A /* ios_quizs_App.xcdatamodeld */ = {
			isa = XCVersionGroup;
			children = (
				3B4BE7C62743FC100045EB5A /* ios_quizs_App.xcdatamodel */,
			);
			currentVersion = 3B4BE7C62743FC100045EB5A /* ios_quizs_App.xcdatamodel */;
			path = ios_quizs_App.xcdatamodeld;
			sourceTree = "<group>";
			versionGroupType = wrapper.xcdatamodel;
		};
/* End XCVersionGroup section */
	};
	rootObject = 3B4BE7B12743FC0F0045EB5A /* Project object */;
}
